
Microsoft Visual Studio Solution File, Format Version 12.00
# Visual Studio 14
VisualStudioVersion = 14.0.25420.1
MinimumVisualStudioVersion = 10.0.40219.1
Project("{FAE04EC0-301F-11D3-BF4B-00C04F79EFBC}") = "GenericDesign", "GenericDesign\GenericDesign.csproj", "{5D84C0E1-A44A-4F2F-AC35-D29550A0DCC2}"
EndProject
Project("{FAE04EC0-301F-11D3-BF4B-00C04F79EFBC}") = "Designer", "Designer\Designer.csproj", "{77FEE2B0-F629-48E7-9B8C-E6337C31E14F}"
EndProject
Global
	GlobalSection(SolutionConfigurationPlatforms) = preSolution
		Debug|Any CPU = Debug|Any CPU
		Release|Any CPU = Release|Any CPU
	EndGlobalSection
	GlobalSection(ProjectConfigurationPlatforms) = postSolution
		{5D84C0E1-A44A-4F2F-AC35-D29550A0DCC2}.Debug|Any CPU.ActiveCfg = Debug|Any CPU
		{5D84C0E1-A44A-4F2F-AC35-D29550A0DCC2}.Debug|Any CPU.Build.0 = Debug|Any CPU
		{5D84C0E1-A44A-4F2F-AC35-D29550A0DCC2}.Release|Any CPU.ActiveCfg = Release|Any CPU
		{5D84C0E1-A44A-4F2F-AC35-D29550A0DCC2}.Release|Any CPU.Build.0 = Release|Any CPU
		{77FEE2B0-F629-48E7-9B8C-E6337C31E14F}.Debug|Any CPU.ActiveCfg = Debug|Any CPU
		{77FEE2B0-F629-48E7-9B8C-E6337C31E14F}.Debug|Any CPU.Build.0 = Debug|Any CPU
		{77FEE2B0-F629-48E7-9B8C-E6337C31E14F}.Release|Any CPU.ActiveCfg = Release|Any CPU
		{77FEE2B0-F629-48E7-9B8C-E6337C31E14F}.Release|Any CPU.Build.0 = Release|Any CPU
	EndGlobalSection
	GlobalSection(SolutionProperties) = preSolution
		HideSolutionNode = FALSE
	EndGlobalSection
EndGlobal
